
Microsoft Visual Studio Solution File, Format Version 12.00
# Visual Studio 15
VisualStudioVersion = 15.0.28307.421
MinimumVisualStudioVersion = 10.0.40219.1
Project("{FAE04EC0-301F-11D3-BF4B-00C04F79EFBC}") = "RURWebApp", "RURWebApp\RURWebApp.csproj", "{5B4CE975-A354-4045-A91B-48103B89DEE5}"
EndProject
Project("{FAE04EC0-301F-11D3-BF4B-00C04F79EFBC}") = "RURWebApp.Tests", "RURWebApp.Tests\RURWebApp.Tests.csproj", "{CC182D55-FB9C-429F-9A0A-9A22D0148C63}"
EndProject
Global
	GlobalSection(SolutionConfigurationPlatforms) = preSolution
		Debug|Any CPU = Debug|Any CPU
		Release|Any CPU = Release|Any CPU
	EndGlobalSection
	GlobalSection(ProjectConfigurationPlatforms) = postSolution
		{5B4CE975-A354-4045-A91B-48103B89DEE5}.Debug|Any CPU.ActiveCfg = Debug|Any CPU
		{5B4CE975-A354-4045-A91B-48103B89DEE5}.Debug|Any CPU.Build.0 = Debug|Any CPU
		{5B4CE975-A354-4045-A91B-48103B89DEE5}.Release|Any CPU.ActiveCfg = Release|Any CPU
		{5B4CE975-A354-4045-A91B-48103B89DEE5}.Release|Any CPU.Build.0 = Release|Any CPU
		{CC182D55-FB9C-429F-9A0A-9A22D0148C63}.Debug|Any CPU.ActiveCfg = Debug|Any CPU
		{CC182D55-FB9C-429F-9A0A-9A22D0148C63}.Debug|Any CPU.Build.0 = Debug|Any CPU
		{CC182D55-FB9C-429F-9A0A-9A22D0148C63}.Release|Any CPU.ActiveCfg = Release|Any CPU
		{CC182D55-FB9C-429F-9A0A-9A22D0148C63}.Release|Any CPU.Build.0 = Release|Any CPU
	EndGlobalSection
	GlobalSection(SolutionProperties) = preSolution
		HideSolutionNode = FALSE
	EndGlobalSection
	GlobalSection(ExtensibilityGlobals) = postSolution
		SolutionGuid = {83C249D1-0847-4642-97FE-1AE663FE4A0C}
	EndGlobalSection
EndGlobal
